// !$*UTF8*$!
{
	archiveVersion = 1;
	classes = {
	};
	objectVersion = 56;
	objects = {

/* Begin PBXBuildFile section */
		48BB85F32B52AC900040527B /* QuizStoryboard.storyboard in Resources */ = {isa = PBXBuildFile; fileRef = 48BB85F22B52AC900040527B /* QuizStoryboard.storyboard */; };
		4E01D3942B52487100A00488 /* Question.swift in Sources */ = {isa = PBXBuildFile; fileRef = 4E01D3932B52487100A00488 /* Question.swift */; };
		4E7F64272B55F1A5001903FC /* QuizViewController.swift in Sources */ = {isa = PBXBuildFile; fileRef = 4E7F64262B55F1A5001903FC /* QuizViewController.swift */; };
		4E7F64292B561A07001903FC /* ResultsViewController.swift in Sources */ = {isa = PBXBuildFile; fileRef = 4E7F64282B561A07001903FC /* ResultsViewController.swift */; };
		D24828272B55B79A000644B7 /* TopicsTableView.storyboard in Resources */ = {isa = PBXBuildFile; fileRef = D24828262B55B79A000644B7 /* TopicsTableView.storyboard */; };
		D24828292B55B7E9000644B7 /* TopicsTableViewController.swift in Sources */ = {isa = PBXBuildFile; fileRef = D24828282B55B7E9000644B7 /* TopicsTableViewController.swift */; };
		D2C58E4B2B51C43500B0156F /* DevelopersViewController.swift in Sources */ = {isa = PBXBuildFile; fileRef = D2C58E4A2B51C43500B0156F /* DevelopersViewController.swift */; };
		D2C58E4D2B51C43C00B0156F /* Developer.swift in Sources */ = {isa = PBXBuildFile; fileRef = D2C58E4C2B51C43C00B0156F /* Developer.swift */; };
		D2F88FA62B50577D00303D0A /* AppDelegate.swift in Sources */ = {isa = PBXBuildFile; fileRef = D2F88FA52B50577D00303D0A /* AppDelegate.swift */; };
		D2F88FA82B50577D00303D0A /* SceneDelegate.swift in Sources */ = {isa = PBXBuildFile; fileRef = D2F88FA72B50577D00303D0A /* SceneDelegate.swift */; };
		D2F88FAD2B50577D00303D0A /* Main.storyboard in Resources */ = {isa = PBXBuildFile; fileRef = D2F88FAB2B50577D00303D0A /* Main.storyboard */; };
		D2F88FAF2B50577E00303D0A /* Assets.xcassets in Resources */ = {isa = PBXBuildFile; fileRef = D2F88FAE2B50577E00303D0A /* Assets.xcassets */; };
		D2F88FB22B50577E00303D0A /* LaunchScreen.storyboard in Resources */ = {isa = PBXBuildFile; fileRef = D2F88FB02B50577E00303D0A /* LaunchScreen.storyboard */; };
/* End PBXBuildFile section */

/* Begin PBXFileReference section */
		48BB85F22B52AC900040527B /* QuizStoryboard.storyboard */ = {isa = PBXFileReference; lastKnownFileType = file.storyboard; path = QuizStoryboard.storyboard; sourceTree = "<group>"; };
		4E01D3932B52487100A00488 /* Question.swift */ = {isa = PBXFileReference; lastKnownFileType = sourcecode.swift; path = Question.swift; sourceTree = "<group>"; };
		4E7F64262B55F1A5001903FC /* QuizViewController.swift */ = {isa = PBXFileReference; lastKnownFileType = sourcecode.swift; path = QuizViewController.swift; sourceTree = "<group>"; };
		4E7F64282B561A07001903FC /* ResultsViewController.swift */ = {isa = PBXFileReference; lastKnownFileType = sourcecode.swift; path = ResultsViewController.swift; sourceTree = "<group>"; };
		D24828262B55B79A000644B7 /* TopicsTableView.storyboard */ = {isa = PBXFileReference; lastKnownFileType = file.storyboard; path = TopicsTableView.storyboard; sourceTree = "<group>"; };
		D24828282B55B7E9000644B7 /* TopicsTableViewController.swift */ = {isa = PBXFileReference; lastKnownFileType = sourcecode.swift; path = TopicsTableViewController.swift; sourceTree = "<group>"; };
		D2C58E4A2B51C43500B0156F /* DevelopersViewController.swift */ = {isa = PBXFileReference; fileEncoding = 4; lastKnownFileType = sourcecode.swift; path = DevelopersViewController.swift; sourceTree = "<group>"; };
		D2C58E4C2B51C43C00B0156F /* Developer.swift */ = {isa = PBXFileReference; fileEncoding = 4; lastKnownFileType = sourcecode.swift; path = Developer.swift; sourceTree = "<group>"; };
		D2F88FA22B50577D00303D0A /* SwiftQuiz.app */ = {isa = PBXFileReference; explicitFileType = wrapper.application; includeInIndex = 0; path = SwiftQuiz.app; sourceTree = BUILT_PRODUCTS_DIR; };
		D2F88FA52B50577D00303D0A /* AppDelegate.swift */ = {isa = PBXFileReference; lastKnownFileType = sourcecode.swift; path = AppDelegate.swift; sourceTree = "<group>"; };
		D2F88FA72B50577D00303D0A /* SceneDelegate.swift */ = {isa = PBXFileReference; lastKnownFileType = sourcecode.swift; path = SceneDelegate.swift; sourceTree = "<group>"; };
		D2F88FAC2B50577D00303D0A /* Base */ = {isa = PBXFileReference; lastKnownFileType = file.storyboard; name = Base; path = Base.lproj/Main.storyboard; sourceTree = "<group>"; };
		D2F88FAE2B50577E00303D0A /* Assets.xcassets */ = {isa = PBXFileReference; lastKnownFileType = folder.assetcatalog; path = Assets.xcassets; sourceTree = "<group>"; };
		D2F88FB12B50577E00303D0A /* Base */ = {isa = PBXFileReference; lastKnownFileType = file.storyboard; name = Base; path = Base.lproj/LaunchScreen.storyboard; sourceTree = "<group>"; };
		D2F88FB32B50577E00303D0A /* Info.plist */ = {isa = PBXFileReference; lastKnownFileType = text.plist.xml; path = Info.plist; sourceTree = "<group>"; };
/* End PBXFileReference section */

/* Begin PBXFrameworksBuildPhase section */
		D2F88F9F2B50577D00303D0A /* Frameworks */ = {
			isa = PBXFrameworksBuildPhase;
			buildActionMask = 2147483647;
			files = (
			);
			runOnlyForDeploymentPostprocessing = 0;
		};
/* End PBXFrameworksBuildPhase section */

/* Begin PBXGroup section */
		D2C58E452B51BEAB00B0156F /* Services */ = {
			isa = PBXGroup;
			children = (
				4E01D3932B52487100A00488 /* Question.swift */,
			);
			path = Services;
			sourceTree = "<group>";
		};
		D2C58E462B51BED400B0156F /* ViewControllers */ = {
			isa = PBXGroup;
			children = (
				D2C58E4A2B51C43500B0156F /* DevelopersViewController.swift */,
				4E7F64262B55F1A5001903FC /* QuizViewController.swift */,
				4E7F64282B561A07001903FC /* ResultsViewController.swift */,
				D24828282B55B7E9000644B7 /* TopicsTableViewController.swift */,
			);
			path = ViewControllers;
			sourceTree = "<group>";
		};
		D2C58E472B51BEE400B0156F /* App */ = {
			isa = PBXGroup;
			children = (
				D2F88FA52B50577D00303D0A /* AppDelegate.swift */,
				D2F88FA72B50577D00303D0A /* SceneDelegate.swift */,
				D2F88FB32B50577E00303D0A /* Info.plist */,
			);
			path = App;
			sourceTree = "<group>";
		};
		D2C58E482B51BEFB00B0156F /* Storyboards */ = {
			isa = PBXGroup;
			children = (
				D2F88FAB2B50577D00303D0A /* Main.storyboard */,
				D2F88FB02B50577E00303D0A /* LaunchScreen.storyboard */,
				48BB85F22B52AC900040527B /* QuizStoryboard.storyboard */,
				D24828262B55B79A000644B7 /* TopicsTableView.storyboard */,
			);
			path = Storyboards;
			sourceTree = "<group>";
		};
		D2C58E492B51BF0600B0156F /* Models */ = {
			isa = PBXGroup;
			children = (
				D2C58E4C2B51C43C00B0156F /* Developer.swift */,
			);
			path = Models;
			sourceTree = "<group>";
		};
		D2F88F992B50577D00303D0A = {
			isa = PBXGroup;
			children = (
				D2F88FA42B50577D00303D0A /* SwiftQuiz */,
				D2F88FAE2B50577E00303D0A /* Assets.xcassets */,
				D2F88FA32B50577D00303D0A /* Products */,
			);
			sourceTree = "<group>";
		};
		D2F88FA32B50577D00303D0A /* Products */ = {
			isa = PBXGroup;
			children = (
				D2F88FA22B50577D00303D0A /* SwiftQuiz.app */,
			);
			name = Products;
			sourceTree = "<group>";
		};
		D2F88FA42B50577D00303D0A /* SwiftQuiz */ = {
			isa = PBXGroup;
			children = (
				D2C58E462B51BED400B0156F /* ViewControllers */,
				D2C58E492B51BF0600B0156F /* Models */,
				D2C58E452B51BEAB00B0156F /* Services */,
				D2C58E482B51BEFB00B0156F /* Storyboards */,
				D2C58E472B51BEE400B0156F /* App */,
			);
			path = SwiftQuiz;
			sourceTree = "<group>";
		};
/* End PBXGroup section */

/* Begin PBXNativeTarget section */
		D2F88FA12B50577D00303D0A /* SwiftQuiz */ = {
			isa = PBXNativeTarget;
			buildConfigurationList = D2F88FB62B50577E00303D0A /* Build configuration list for PBXNativeTarget "SwiftQuiz" */;
			buildPhases = (
				D2F88F9E2B50577D00303D0A /* Sources */,
				D2F88F9F2B50577D00303D0A /* Frameworks */,
				D2F88FA02B50577D00303D0A /* Resources */,
			);
			buildRules = (
			);
			dependencies = (
			);
			name = SwiftQuiz;
			productName = SwiftQuiz;
			productReference = D2F88FA22B50577D00303D0A /* SwiftQuiz.app */;
			productType = "com.apple.product-type.application";
		};
/* End PBXNativeTarget section */

/* Begin PBXProject section */
		D2F88F9A2B50577D00303D0A /* Project object */ = {
			isa = PBXProject;
			attributes = {
				BuildIndependentTargetsInParallel = 1;
				LastSwiftUpdateCheck = 1510;
				LastUpgradeCheck = 1510;
				TargetAttributes = {
					D2F88FA12B50577D00303D0A = {
						CreatedOnToolsVersion = 15.1;
					};
				};
			};
			buildConfigurationList = D2F88F9D2B50577D00303D0A /* Build configuration list for PBXProject "SwiftQuiz" */;
			compatibilityVersion = "Xcode 14.0";
			developmentRegion = en;
			hasScannedForEncodings = 0;
			knownRegions = (
				en,
				Base,
			);
			mainGroup = D2F88F992B50577D00303D0A;
			productRefGroup = D2F88FA32B50577D00303D0A /* Products */;
			projectDirPath = "";
			projectRoot = "";
			targets = (
				D2F88FA12B50577D00303D0A /* SwiftQuiz */,
			);
		};
/* End PBXProject section */

/* Begin PBXResourcesBuildPhase section */
		D2F88FA02B50577D00303D0A /* Resources */ = {
			isa = PBXResourcesBuildPhase;
			buildActionMask = 2147483647;
			files = (
				D24828272B55B79A000644B7 /* TopicsTableView.storyboard in Resources */,
				D2F88FB22B50577E00303D0A /* LaunchScreen.storyboard in Resources */,
				D2F88FAF2B50577E00303D0A /* Assets.xcassets in Resources */,
				48BB85F32B52AC900040527B /* QuizStoryboard.storyboard in Resources */,
				D2F88FAD2B50577D00303D0A /* Main.storyboard in Resources */,
			);
			runOnlyForDeploymentPostprocessing = 0;
		};
/* End PBXResourcesBuildPhase section */

/* Begin PBXSourcesBuildPhase section */
		D2F88F9E2B50577D00303D0A /* Sources */ = {
			isa = PBXSourcesBuildPhase;
			buildActionMask = 2147483647;
			files = (
				D2C58E4D2B51C43C00B0156F /* Developer.swift in Sources */,
				D2F88FA62B50577D00303D0A /* AppDelegate.swift in Sources */,
				D2F88FA82B50577D00303D0A /* SceneDelegate.swift in Sources */,
				D24828292B55B7E9000644B7 /* TopicsTableViewController.swift in Sources */,
				4E7F64292B561A07001903FC /* ResultsViewController.swift in Sources */,
				4E7F64272B55F1A5001903FC /* QuizViewController.swift in Sources */,
				4E01D3942B52487100A00488 /* Question.swift in Sources */,
				D2C58E4B2B51C43500B0156F /* DevelopersViewController.swift in Sources */,
			);
			runOnlyForDeploymentPostprocessing = 0;
		};
/* End PBXSourcesBuildPhase section */

/* Begin PBXVariantGroup section */
		D2F88FAB2B50577D00303D0A /* Main.storyboard */ = {
			isa = PBXVariantGroup;
			children = (
				D2F88FAC2B50577D00303D0A /* Base */,
			);
			name = Main.storyboard;
			sourceTree = "<group>";
		};
		D2F88FB02B50577E00303D0A /* LaunchScreen.storyboard */ = {
			isa = PBXVariantGroup;
			children = (
				D2F88FB12B50577E00303D0A /* Base */,
			);
			name = LaunchScreen.storyboard;
			sourceTree = "<group>";
		};
/* End PBXVariantGroup section */

/* Begin XCBuildConfiguration section */
		D2F88FB42B50577E00303D0A /* Debug */ = {
			isa = XCBuildConfiguration;
			buildSettings = {
				ALWAYS_SEARCH_USER_PATHS = NO;
				ASSETCATALOG_COMPILER_GENERATE_SWIFT_ASSET_SYMBOL_EXTENSIONS = YES;
				CLANG_ANALYZER_NONNULL = YES;
				CLANG_ANALYZER_NUMBER_OBJECT_CONVERSION = YES_AGGRESSIVE;
				CLANG_CXX_LANGUAGE_STANDARD = "gnu++20";
				CLANG_ENABLE_MODULES = YES;
				CLANG_ENABLE_OBJC_ARC = YES;
				CLANG_ENABLE_OBJC_WEAK = YES;
				CLANG_WARN_BLOCK_CAPTURE_AUTORELEASING = YES;
				CLANG_WARN_BOOL_CONVERSION = YES;
				CLANG_WARN_COMMA = YES;
				CLANG_WARN_CONSTANT_CONVERSION = YES;
				CLANG_WARN_DEPRECATED_OBJC_IMPLEMENTATIONS = YES;
				CLANG_WARN_DIRECT_OBJC_ISA_USAGE = YES_ERROR;
				CLANG_WARN_DOCUMENTATION_COMMENTS = YES;
				CLANG_WARN_EMPTY_BODY = YES;
				CLANG_WARN_ENUM_CONVERSION = YES;
				CLANG_WARN_INFINITE_RECURSION = YES;
				CLANG_WARN_INT_CONVERSION = YES;
				CLANG_WARN_NON_LITERAL_NULL_CONVERSION = YES;
				CLANG_WARN_OBJC_IMPLICIT_RETAIN_SELF = YES;
				CLANG_WARN_OBJC_LITERAL_CONVERSION = YES;
				CLANG_WARN_OBJC_ROOT_CLASS = YES_ERROR;
				CLANG_WARN_QUOTED_INCLUDE_IN_FRAMEWORK_HEADER = YES;
				CLANG_WARN_RANGE_LOOP_ANALYSIS = YES;
				CLANG_WARN_STRICT_PROTOTYPES = YES;
				CLANG_WARN_SUSPICIOUS_MOVE = YES;
				CLANG_WARN_UNGUARDED_AVAILABILITY = YES_AGGRESSIVE;
				CLANG_WARN_UNREACHABLE_CODE = YES;
				CLANG_WARN__DUPLICATE_METHOD_MATCH = YES;
				COPY_PHASE_STRIP = NO;
				DEBUG_INFORMATION_FORMAT = dwarf;
				ENABLE_STRICT_OBJC_MSGSEND = YES;
				ENABLE_TESTABILITY = YES;
				ENABLE_USER_SCRIPT_SANDBOXING = YES;
				GCC_C_LANGUAGE_STANDARD = gnu17;
				GCC_DYNAMIC_NO_PIC = NO;
				GCC_NO_COMMON_BLOCKS = YES;
				GCC_OPTIMIZATION_LEVEL = 0;
				GCC_PREPROCESSOR_DEFINITIONS = (
					"DEBUG=1",
					"$(inherited)",
				);
				GCC_WARN_64_TO_32_BIT_CONVERSION = YES;
				GCC_WARN_ABOUT_RETURN_TYPE = YES_ERROR;
				GCC_WARN_UNDECLARED_SELECTOR = YES;
				GCC_WARN_UNINITIALIZED_AUTOS = YES_AGGRESSIVE;
				GCC_WARN_UNUSED_FUNCTION = YES;
				GCC_WARN_UNUSED_VARIABLE = YES;
				IPHONEOS_DEPLOYMENT_TARGET = 17.2;
				LOCALIZATION_PREFERS_STRING_CATALOGS = YES;
				MTL_ENABLE_DEBUG_INFO = INCLUDE_SOURCE;
				MTL_FAST_MATH = YES;
				ONLY_ACTIVE_ARCH = YES;
				SDKROOT = iphoneos;
				SWIFT_ACTIVE_COMPILATION_CONDITIONS = "DEBUG $(inherited)";
				SWIFT_OPTIMIZATION_LEVEL = "-Onone";
			};
			name = Debug;
		};
		D2F88FB52B50577E00303D0A /* Release */ = {
			isa = XCBuildConfiguration;
			buildSettings = {
				ALWAYS_SEARCH_USER_PATHS = NO;
				ASSETCATALOG_COMPILER_GENERATE_SWIFT_ASSET_SYMBOL_EXTENSIONS = YES;
				CLANG_ANALYZER_NONNULL = YES;
				CLANG_ANALYZER_NUMBER_OBJECT_CONVERSION = YES_AGGRESSIVE;
				CLANG_CXX_LANGUAGE_STANDARD = "gnu++20";
				CLANG_ENABLE_MODULES = YES;
				CLANG_ENABLE_OBJC_ARC = YES;
				CLANG_ENABLE_OBJC_WEAK = YES;
				CLANG_WARN_BLOCK_CAPTURE_AUTORELEASING = YES;
				CLANG_WARN_BOOL_CONVERSION = YES;
				CLANG_WARN_COMMA = YES;
				CLANG_WARN_CONSTANT_CONVERSION = YES;
				CLANG_WARN_DEPRECATED_OBJC_IMPLEMENTATIONS = YES;
				CLANG_WARN_DIRECT_OBJC_ISA_USAGE = YES_ERROR;
				CLANG_WARN_DOCUMENTATION_COMMENTS = YES;
				CLANG_WARN_EMPTY_BODY = YES;
				CLANG_WARN_ENUM_CONVERSION = YES;
				CLANG_WARN_INFINITE_RECURSION = YES;
				CLANG_WARN_INT_CONVERSION = YES;
				CLANG_WARN_NON_LITERAL_NULL_CONVERSION = YES;
				CLANG_WARN_OBJC_IMPLICIT_RETAIN_SELF = YES;
				CLANG_WARN_OBJC_LITERAL_CONVERSION = YES;
				CLANG_WARN_OBJC_ROOT_CLASS = YES_ERROR;
				CLANG_WARN_QUOTED_INCLUDE_IN_FRAMEWORK_HEADER = YES;
				CLANG_WARN_RANGE_LOOP_ANALYSIS = YES;
				CLANG_WARN_STRICT_PROTOTYPES = YES;
				CLANG_WARN_SUSPICIOUS_MOVE = YES;
				CLANG_WARN_UNGUARDED_AVAILABILITY = YES_AGGRESSIVE;
				CLANG_WARN_UNREACHABLE_CODE = YES;
				CLANG_WARN__DUPLICATE_METHOD_MATCH = YES;
				COPY_PHASE_STRIP = NO;
				DEBUG_INFORMATION_FORMAT = "dwarf-with-dsym";
				ENABLE_NS_ASSERTIONS = NO;
				ENABLE_STRICT_OBJC_MSGSEND = YES;
				ENABLE_USER_SCRIPT_SANDBOXING = YES;
				GCC_C_LANGUAGE_STANDARD = gnu17;
				GCC_NO_COMMON_BLOCKS = YES;
				GCC_WARN_64_TO_32_BIT_CONVERSION = YES;
				GCC_WARN_ABOUT_RETURN_TYPE = YES_ERROR;
				GCC_WARN_UNDECLARED_SELECTOR = YES;
				GCC_WARN_UNINITIALIZED_AUTOS = YES_AGGRESSIVE;
				GCC_WARN_UNUSED_FUNCTION = YES;
				GCC_WARN_UNUSED_VARIABLE = YES;
				IPHONEOS_DEPLOYMENT_TARGET = 17.2;
				LOCALIZATION_PREFERS_STRING_CATALOGS = YES;
				MTL_ENABLE_DEBUG_INFO = NO;
				MTL_FAST_MATH = YES;
				SDKROOT = iphoneos;
				SWIFT_COMPILATION_MODE = wholemodule;
				VALIDATE_PRODUCT = YES;
			};
			name = Release;
		};
		D2F88FB72B50577E00303D0A /* Debug */ = {
			isa = XCBuildConfiguration;
			buildSettings = {
				ASSETCATALOG_COMPILER_APPICON_NAME = AppIcon;
				ASSETCATALOG_COMPILER_GLOBAL_ACCENT_COLOR_NAME = AccentColor;
				CODE_SIGN_STYLE = Automatic;
				CURRENT_PROJECT_VERSION = 1;
				DEVELOPMENT_TEAM = 3UHRLQ9522;
				GENERATE_INFOPLIST_FILE = YES;
				INFOPLIST_FILE = SwiftQuiz/App/Info.plist;
				INFOPLIST_KEY_UIApplicationSupportsIndirectInputEvents = YES;
				INFOPLIST_KEY_UILaunchStoryboardName = LaunchScreen;
				INFOPLIST_KEY_UIMainStoryboardFile = Main;
				INFOPLIST_KEY_UISupportedInterfaceOrientations = UIInterfaceOrientationPortrait;
				INFOPLIST_KEY_UISupportedInterfaceOrientations_iPad = "UIInterfaceOrientationLandscapeLeft UIInterfaceOrientationLandscapeRight UIInterfaceOrientationPortrait UIInterfaceOrientationPortraitUpsideDown";
				IPHONEOS_DEPLOYMENT_TARGET = 17.0;
				LD_RUNPATH_SEARCH_PATHS = (
					"$(inherited)",
					"@executable_path/Frameworks",
				);
				MARKETING_VERSION = 1.0;
				PRODUCT_BUNDLE_IDENTIFIER = Penkov.SwiftQuiz;
				PRODUCT_NAME = "$(TARGET_NAME)";
				SUPPORTED_PLATFORMS = "iphoneos iphonesimulator";
				SUPPORTS_MACCATALYST = NO;
				SUPPORTS_MAC_DESIGNED_FOR_IPHONE_IPAD = NO;
				SUPPORTS_XR_DESIGNED_FOR_IPHONE_IPAD = NO;
				SWIFT_EMIT_LOC_STRINGS = YES;
				SWIFT_VERSION = 5.0;
				TARGETED_DEVICE_FAMILY = 1;
			};
			name = Debug;
		};
		D2F88FB82B50577E00303D0A /* Release */ = {
			isa = XCBuildConfiguration;
			buildSettings = {
				ASSETCATALOG_COMPILER_APPICON_NAME = AppIcon;
				ASSETCATALOG_COMPILER_GLOBAL_ACCENT_COLOR_NAME = AccentColor;
				CODE_SIGN_STYLE = Automatic;
				CURRENT_PROJECT_VERSION = 1;
				DEVELOPMENT_TEAM = 3UHRLQ9522;
				GENERATE_INFOPLIST_FILE = YES;
				INFOPLIST_FILE = SwiftQuiz/App/Info.plist;
				INFOPLIST_KEY_UIApplicationSupportsIndirectInputEvents = YES;
				INFOPLIST_KEY_UILaunchStoryboardName = LaunchScreen;
				INFOPLIST_KEY_UIMainStoryboardFile = Main;
				INFOPLIST_KEY_UISupportedInterfaceOrientations = UIInterfaceOrientationPortrait;
				INFOPLIST_KEY_UISupportedInterfaceOrientations_iPad = "UIInterfaceOrientationLandscapeLeft UIInterfaceOrientationLandscapeRight UIInterfaceOrientationPortrait UIInterfaceOrientationPortraitUpsideDown";
				IPHONEOS_DEPLOYMENT_TARGET = 17.0;
				LD_RUNPATH_SEARCH_PATHS = (
					"$(inherited)",
					"@executable_path/Frameworks",
				);
				MARKETING_VERSION = 1.0;
				PRODUCT_BUNDLE_IDENTIFIER = Penkov.SwiftQuiz;
				PRODUCT_NAME = "$(TARGET_NAME)";
				SUPPORTED_PLATFORMS = "iphoneos iphonesimulator";
				SUPPORTS_MACCATALYST = NO;
				SUPPORTS_MAC_DESIGNED_FOR_IPHONE_IPAD = NO;
				SUPPORTS_XR_DESIGNED_FOR_IPHONE_IPAD = NO;
				SWIFT_EMIT_LOC_STRINGS = YES;
				SWIFT_VERSION = 5.0;
				TARGETED_DEVICE_FAMILY = 1;
			};
			name = Release;
		};
/* End XCBuildConfiguration section */

/* Begin XCConfigurationList section */
		D2F88F9D2B50577D00303D0A /* Build configuration list for PBXProject "SwiftQuiz" */ = {
			isa = XCConfigurationList;
			buildConfigurations = (
				D2F88FB42B50577E00303D0A /* Debug */,
				D2F88FB52B50577E00303D0A /* Release */,
			);
			defaultConfigurationIsVisible = 0;
			defaultConfigurationName = Release;
		};
		D2F88FB62B50577E00303D0A /* Build configuration list for PBXNativeTarget "SwiftQuiz" */ = {
			isa = XCConfigurationList;
			buildConfigurations = (
				D2F88FB72B50577E00303D0A /* Debug */,
				D2F88FB82B50577E00303D0A /* Release */,
			);
			defaultConfigurationIsVisible = 0;
			defaultConfigurationName = Release;
		};
/* End XCConfigurationList section */
	};
	rootObject = D2F88F9A2B50577D00303D0A /* Project object */;
}
